{
  "lockfileVersion": 1,
  "configVersion": 1,
  "workspaces": {
    "": {
      "name": "log-event-writer",
      "dependencies": {
        "@clickhouse/client": "^0.2.10",
        "kafkajs": "^2.2.4",
        "redis": "^6.1.0",
      },
    },
  },
  "packages": {
    "@clickhouse/client": ["@clickhouse/client@0.2.10", "", { "dependencies": { "@clickhouse/client-common": "0.2.10" } }, "sha512-ZwBgzjEAFN/ogS0ym5KHVbR7Hx/oYCX01qGp2baEyfN2HM73kf/7Vp3GvMHWRy+zUXISONEtFv7UTViOXnmFrg=="],

    "@clickhouse/client-common": ["@clickhouse/client-common@0.2.10", "", {}, "sha512-BvTY0IXS96y9RUeNCpKL4HUzHmY80L0lDcGN0lmUD6zjOqYMn78+xyHYJ/AIAX7JQsc+/KwFt2soZutQTKxoGQ=="],

    "@redis/bloom": ["@redis/bloom@6.1.0", "", { "peerDependencies": { "@redis/client": "^6.1.0" } }, "sha512-Rzascjd9J9bJsM45T/Z9CTg1QY/B63B6YO8QorLVMeXnbBDsKiSCVR/+GQ061hYPk8FpTzWmPY8tAv2sT+JEtQ=="],

    "@redis/client": ["@redis/client@6.1.0", "", { "dependencies": { "cluster-key-slot": "1.1.2" }, "peerDependencies": { "@node-rs/xxhash": "^1.1.0", "@opentelemetry/api": ">=1 <2" }, "optionalPeers": ["@node-rs/xxhash", "@opentelemetry/api"] }, "sha512-7u1LefkezJF0HESlhO7ZFLEPfyY+NejP3SGv+Z4pGaT3oM5GVVLa0u3f4rDLUrcw+SRo8IlX9Y8JAONeDdg1Ag=="],

    "@redis/json": ["@redis/json@6.1.0", "", { "peerDependencies": { "@redis/client": "^6.1.0" } }, "sha512-/GFjQA6bu5pG9ClCJAI5Xx4bNXe7UTpxBBlIupBNTrn1+nY860apGnYJuaSCDV2BmEbTidpa7O2qa28oxKx+rg=="],

    "@redis/search": ["@redis/search@6.1.0", "", { "peerDependencies": { "@redis/client": "^6.1.0" } }, "sha512-kS5agg+3yZbrdrt8omrew7FLCD8eOm7tarG1CROekPBRe+QGDR9aOpnHIQaYsYi6wPRTH70nQiF06AIjgURefQ=="],

    "@redis/time-series": ["@redis/time-series@6.1.0", "", { "peerDependencies": { "@redis/client": "^6.1.0" } }, "sha512-uIDBtV8MmG/xpJsRqbGSO4iX6ryj37MLMP82lRpFvI7ykAVe5GyqgxigEbU+uZNv9kDPNMKw3dvI/S/J1BNBzA=="],

    "cluster-key-slot": ["cluster-key-slot@1.1.2", "", {}, "sha512-RMr0FhtfXemyinomL4hrWcYJxmX6deFdCxpJzhDttxgO1+bcCnkk+9drydLVDmAMG7NE6aN/fl4F7ucU/90gAA=="],

    "kafkajs": ["kafkajs@2.2.4", "", {}, "sha512-j/YeapB1vfPT2iOIUn/vxdyKEuhuY2PxMBvf5JWux6iSaukAccrMtXEY/Lb7OvavDhOWME589bpLrEdnVHjfjA=="],

    "redis": ["redis@6.1.0", "", { "dependencies": { "@redis/bloom": "6.1.0", "@redis/client": "6.1.0", "@redis/json": "6.1.0", "@redis/search": "6.1.0", "@redis/time-series": "6.1.0" } }, "sha512-0kvUPM8RHP/ZMa0xYaDTcG5e8tIGW6kz6MToVT0V8iOnk6bkXp2jncGRGe2bZEk41lZwiDspUqjZCSk5ohjcKw=="],
  }
}
